
Microsoft Visual Studio Solution File, Format Version 12.00
# Visual Studio Version 17
VisualStudioVersion = 17.6.33829.357
MinimumVisualStudioVersion = 10.0.40219.1
Project("{FAE04EC0-301F-11D3-BF4B-00C04F79EFBC}") = "HospitalManagementModules", "HospitalManagementModules\HospitalManagementModules.csproj", "{F98281AA-962F-4F99-B68E-7502B4F7E633}"
EndProject
Global
	GlobalSection(SolutionConfigurationPlatforms) = preSolution
		Debug|Any CPU = Debug|Any CPU
		Release|Any CPU = Release|Any CPU
	EndGlobalSection
	GlobalSection(ProjectConfigurationPlatforms) = postSolution
		{F98281AA-962F-4F99-B68E-7502B4F7E633}.Debug|Any CPU.ActiveCfg = Debug|Any CPU
		{F98281AA-962F-4F99-B68E-7502B4F7E633}.Debug|Any CPU.Build.0 = Debug|Any CPU
		{F98281AA-962F-4F99-B68E-7502B4F7E633}.Release|Any CPU.ActiveCfg = Release|Any CPU
		{F98281AA-962F-4F99-B68E-7502B4F7E633}.Release|Any CPU.Build.0 = Release|Any CPU
	EndGlobalSection
	GlobalSection(SolutionProperties) = preSolution
		HideSolutionNode = FALSE
	EndGlobalSection
	GlobalSection(ExtensibilityGlobals) = postSolution
		SolutionGuid = {8A0967C2-9D8C-469E-B957-71F25B6F32AA}
	EndGlobalSection
EndGlobal
